// !$*UTF8*$!
{
	archiveVersion = 1;
	classes = {
	};
	objectVersion = 51;
	objects = {

/* Begin PBXBuildFile section */
		043E0A4423C0EB6F009D9FE6 /* AppDelegate.swift in Sources */ = {isa = PBXBuildFile; fileRef = 043E0A4323C0EB6F009D9FE6 /* AppDelegate.swift */; };
		043E0A4623C0EB6F009D9FE6 /* SceneDelegate.swift in Sources */ = {isa = PBXBuildFile; fileRef = 043E0A4523C0EB6F009D9FE6 /* SceneDelegate.swift */; };
		043E0A4823C0EB6F009D9FE6 /* ContentView.swift in Sources */ = {isa = PBXBuildFile; fileRef = 043E0A4723C0EB6F009D9FE6 /* ContentView.swift */; };
		043E0A4A23C0EB72009D9FE6 /* Assets.xcassets in Resources */ = {isa = PBXBuildFile; fileRef = 043E0A4923C0EB72009D9FE6 /* Assets.xcassets */; };
		043E0A4D23C0EB72009D9FE6 /* Preview Assets.xcassets in Resources */ = {isa = PBXBuildFile; fileRef = 043E0A4C23C0EB72009D9FE6 /* Preview Assets.xcassets */; };
		043E0A5023C0EB72009D9FE6 /* LaunchScreen.storyboard in Resources */ = {isa = PBXBuildFile; fileRef = 043E0A4E23C0EB72009D9FE6 /* LaunchScreen.storyboard */; };
		043E0A5B23C0EB72009D9FE6 /* geektimeTests.swift in Sources */ = {isa = PBXBuildFile; fileRef = 043E0A5A23C0EB72009D9FE6 /* geektimeTests.swift */; };
		043E0A6623C0EB72009D9FE6 /* geektimeUITests.swift in Sources */ = {isa = PBXBuildFile; fileRef = 043E0A6523C0EB72009D9FE6 /* geektimeUITests.swift */; };
		043E0A7623C17DA2009D9FE6 /* Product.swift in Sources */ = {isa = PBXBuildFile; fileRef = 043E0A7523C17DA2009D9FE6 /* Product.swift */; };
		043E0A7A23C17F8D009D9FE6 /* FakeData.swift in Sources */ = {isa = PBXBuildFile; fileRef = 043E0A7923C17F8D009D9FE6 /* FakeData.swift */; };
		043E0A7C23C18018009D9FE6 /* Deal.swift in Sources */ = {isa = PBXBuildFile; fileRef = 043E0A7B23C18018009D9FE6 /* Deal.swift */; };
		043E0A7F23C182C6009D9FE6 /* UIColorExtention.swift in Sources */ = {isa = PBXBuildFile; fileRef = 043E0A7E23C182C6009D9FE6 /* UIColorExtention.swift */; };
		043E0A8123C185D6009D9FE6 /* BaseViewController.swift in Sources */ = {isa = PBXBuildFile; fileRef = 043E0A8023C185D6009D9FE6 /* BaseViewController.swift */; };
		043E0A8323C18675009D9FE6 /* LoginViewController.swift in Sources */ = {isa = PBXBuildFile; fileRef = 043E0A8223C18675009D9FE6 /* LoginViewController.swift */; };
		5273AE9423C1D8C1004E20F0 /* R.generated.swift in Sources */ = {isa = PBXBuildFile; fileRef = 5273AE9323C1D8C1004E20F0 /* R.generated.swift */; };
		5273AEA923C1F373004E20F0 /* home@2x.png in Resources */ = {isa = PBXBuildFile; fileRef = 5273AE9623C1F373004E20F0 /* home@2x.png */; };
		5273AEAA23C1F373004E20F0 /* icon_pwd@2x.png in Resources */ = {isa = PBXBuildFile; fileRef = 5273AE9723C1F373004E20F0 /* icon_pwd@2x.png */; };
		5273AEAB23C1F373004E20F0 /* icon_life@2x.png in Resources */ = {isa = PBXBuildFile; fileRef = 5273AE9823C1F373004E20F0 /* icon_life@2x.png */; };
		5273AEAC23C1F373004E20F0 /* defaultAvatar@2x.jpg in Resources */ = {isa = PBXBuildFile; fileRef = 5273AE9923C1F373004E20F0 /* defaultAvatar@2x.jpg */; };
		5273AEAD23C1F373004E20F0 /* mine_selected@2x.png in Resources */ = {isa = PBXBuildFile; fileRef = 5273AE9A23C1F373004E20F0 /* mine_selected@2x.png */; };
		5273AEAE23C1F373004E20F0 /* book@2x.png in Resources */ = {isa = PBXBuildFile; fileRef = 5273AE9B23C1F373004E20F0 /* book@2x.png */; };
		5273AEAF23C1F373004E20F0 /* student@2x.png in Resources */ = {isa = PBXBuildFile; fileRef = 5273AE9C23C1F373004E20F0 /* student@2x.png */; };
		5273AEB023C1F373004E20F0 /* icon_phone@2x.png in Resources */ = {isa = PBXBuildFile; fileRef = 5273AE9D23C1F373004E20F0 /* icon_phone@2x.png */; };
		5273AEB123C1F373004E20F0 /* icon_cal@2x.png in Resources */ = {isa = PBXBuildFile; fileRef = 5273AE9E23C1F373004E20F0 /* icon_cal@2x.png */; };
		5273AEB223C1F373004E20F0 /* icon_course@2x.png in Resources */ = {isa = PBXBuildFile; fileRef = 5273AE9F23C1F373004E20F0 /* icon_course@2x.png */; };
		5273AEB323C1F373004E20F0 /* detailBg@2x.png in Resources */ = {isa = PBXBuildFile; fileRef = 5273AEA023C1F373004E20F0 /* detailBg@2x.png */; };
		5273AEB423C1F373004E20F0 /* logo@2x.png in Resources */ = {isa = PBXBuildFile; fileRef = 5273AEA123C1F373004E20F0 /* logo@2x.png */; };
		5273AEB523C1F373004E20F0 /* mine@2x.png in Resources */ = {isa = PBXBuildFile; fileRef = 5273AEA223C1F373004E20F0 /* mine@2x.png */; };
		5273AEB623C1F373004E20F0 /* icon_between@2x.png in Resources */ = {isa = PBXBuildFile; fileRef = 5273AEA323C1F373004E20F0 /* icon_between@2x.png */; };
		5273AEB723C1F373004E20F0 /* home_selected@2x.png in Resources */ = {isa = PBXBuildFile; fileRef = 5273AEA423C1F373004E20F0 /* home_selected@2x.png */; };
		5273AEB823C1F373004E20F0 /* icon_live@2x.png in Resources */ = {isa = PBXBuildFile; fileRef = 5273AEA523C1F373004E20F0 /* icon_live@2x.png */; };
		5273AEB923C1F373004E20F0 /* icon_document@2x.png in Resources */ = {isa = PBXBuildFile; fileRef = 5273AEA623C1F373004E20F0 /* icon_document@2x.png */; };
		5273AEBA23C1F373004E20F0 /* icon_right_arrow@2x.png in Resources */ = {isa = PBXBuildFile; fileRef = 5273AEA723C1F373004E20F0 /* icon_right_arrow@2x.png */; };
		5273AEBB23C1F373004E20F0 /* icon_column@2x.png in Resources */ = {isa = PBXBuildFile; fileRef = 5273AEA823C1F373004E20F0 /* icon_column@2x.png */; };
		5273AEBD23C1FF52004E20F0 /* MineViewController.swift in Sources */ = {isa = PBXBuildFile; fileRef = 5273AEBC23C1FF52004E20F0 /* MineViewController.swift */; };
		5273AEBF23C1FF71004E20F0 /* HomeViewController.swift in Sources */ = {isa = PBXBuildFile; fileRef = 5273AEBE23C1FF71004E20F0 /* HomeViewController.swift */; };
		FD64AF639ADFCEED36E109AC /* Pods_geektime.framework in Frameworks */ = {isa = PBXBuildFile; fileRef = 1CFE840C86B959C05A3A0A62 /* Pods_geektime.framework */; };
/* End PBXBuildFile section */

/* Begin PBXContainerItemProxy section */
		043E0A5723C0EB72009D9FE6 /* PBXContainerItemProxy */ = {
			isa = PBXContainerItemProxy;
			containerPortal = 043E0A3823C0EB6F009D9FE6 /* Project object */;
			proxyType = 1;
			remoteGlobalIDString = 043E0A3F23C0EB6F009D9FE6;
			remoteInfo = geektime;
		};
		043E0A6223C0EB72009D9FE6 /* PBXContainerItemProxy */ = {
			isa = PBXContainerItemProxy;
			containerPortal = 043E0A3823C0EB6F009D9FE6 /* Project object */;
			proxyType = 1;
			remoteGlobalIDString = 043E0A3F23C0EB6F009D9FE6;
			remoteInfo = geektime;
		};
/* End PBXContainerItemProxy section */

/* Begin PBXFileReference section */
		043E0A4023C0EB6F009D9FE6 /* geektime.app */ = {isa = PBXFileReference; explicitFileType = wrapper.application; includeInIndex = 0; path = geektime.app; sourceTree = BUILT_PRODUCTS_DIR; };
		043E0A4323C0EB6F009D9FE6 /* AppDelegate.swift */ = {isa = PBXFileReference; lastKnownFileType = sourcecode.swift; path = AppDelegate.swift; sourceTree = "<group>"; };
		043E0A4523C0EB6F009D9FE6 /* SceneDelegate.swift */ = {isa = PBXFileReference; lastKnownFileType = sourcecode.swift; path = SceneDelegate.swift; sourceTree = "<group>"; };
		043E0A4723C0EB6F009D9FE6 /* ContentView.swift */ = {isa = PBXFileReference; lastKnownFileType = sourcecode.swift; path = ContentView.swift; sourceTree = "<group>"; };
		043E0A4923C0EB72009D9FE6 /* Assets.xcassets */ = {isa = PBXFileReference; lastKnownFileType = folder.assetcatalog; path = Assets.xcassets; sourceTree = "<group>"; };
		043E0A4C23C0EB72009D9FE6 /* Preview Assets.xcassets */ = {isa = PBXFileReference; lastKnownFileType = folder.assetcatalog; path = "Preview Assets.xcassets"; sourceTree = "<group>"; };
		043E0A4F23C0EB72009D9FE6 /* Base */ = {isa = PBXFileReference; lastKnownFileType = file.storyboard; name = Base; path = Base.lproj/LaunchScreen.storyboard; sourceTree = "<group>"; };
		043E0A5123C0EB72009D9FE6 /* Info.plist */ = {isa = PBXFileReference; lastKnownFileType = text.plist.xml; path = Info.plist; sourceTree = "<group>"; };
		043E0A5623C0EB72009D9FE6 /* geektimeTests.xctest */ = {isa = PBXFileReference; explicitFileType = wrapper.cfbundle; includeInIndex = 0; path = geektimeTests.xctest; sourceTree = BUILT_PRODUCTS_DIR; };
		043E0A5A23C0EB72009D9FE6 /* geektimeTests.swift */ = {isa = PBXFileReference; lastKnownFileType = sourcecode.swift; path = geektimeTests.swift; sourceTree = "<group>"; };
		043E0A5C23C0EB72009D9FE6 /* Info.plist */ = {isa = PBXFileReference; lastKnownFileType = text.plist.xml; path = Info.plist; sourceTree = "<group>"; };
		043E0A6123C0EB72009D9FE6 /* geektimeUITests.xctest */ = {isa = PBXFileReference; explicitFileType = wrapper.cfbundle; includeInIndex = 0; path = geektimeUITests.xctest; sourceTree = BUILT_PRODUCTS_DIR; };
		043E0A6523C0EB72009D9FE6 /* geektimeUITests.swift */ = {isa = PBXFileReference; lastKnownFileType = sourcecode.swift; path = geektimeUITests.swift; sourceTree = "<group>"; };
		043E0A6723C0EB72009D9FE6 /* Info.plist */ = {isa = PBXFileReference; lastKnownFileType = text.plist.xml; path = Info.plist; sourceTree = "<group>"; };
		043E0A7523C17DA2009D9FE6 /* Product.swift */ = {isa = PBXFileReference; lastKnownFileType = sourcecode.swift; path = Product.swift; sourceTree = "<group>"; };
		043E0A7923C17F8D009D9FE6 /* FakeData.swift */ = {isa = PBXFileReference; lastKnownFileType = sourcecode.swift; path = FakeData.swift; sourceTree = "<group>"; };
		043E0A7B23C18018009D9FE6 /* Deal.swift */ = {isa = PBXFileReference; lastKnownFileType = sourcecode.swift; path = Deal.swift; sourceTree = "<group>"; };
		043E0A7E23C182C6009D9FE6 /* UIColorExtention.swift */ = {isa = PBXFileReference; lastKnownFileType = sourcecode.swift; path = UIColorExtention.swift; sourceTree = "<group>"; };
		043E0A8023C185D6009D9FE6 /* BaseViewController.swift */ = {isa = PBXFileReference; lastKnownFileType = sourcecode.swift; path = BaseViewController.swift; sourceTree = "<group>"; };
		043E0A8223C18675009D9FE6 /* LoginViewController.swift */ = {isa = PBXFileReference; lastKnownFileType = sourcecode.swift; path = LoginViewController.swift; sourceTree = "<group>"; };
		1CFE840C86B959C05A3A0A62 /* Pods_geektime.framework */ = {isa = PBXFileReference; explicitFileType = wrapper.framework; includeInIndex = 0; path = Pods_geektime.framework; sourceTree = BUILT_PRODUCTS_DIR; };
		5273AE9323C1D8C1004E20F0 /* R.generated.swift */ = {isa = PBXFileReference; fileEncoding = 4; lastKnownFileType = sourcecode.swift; path = R.generated.swift; sourceTree = "<group>"; };
		5273AE9623C1F373004E20F0 /* home@2x.png */ = {isa = PBXFileReference; lastKnownFileType = image.png; path = "home@2x.png"; sourceTree = "<group>"; };
		5273AE9723C1F373004E20F0 /* icon_pwd@2x.png */ = {isa = PBXFileReference; lastKnownFileType = image.png; path = "icon_pwd@2x.png"; sourceTree = "<group>"; };
		5273AE9823C1F373004E20F0 /* icon_life@2x.png */ = {isa = PBXFileReference; lastKnownFileType = image.png; path = "icon_life@2x.png"; sourceTree = "<group>"; };
		5273AE9923C1F373004E20F0 /* defaultAvatar@2x.jpg */ = {isa = PBXFileReference; lastKnownFileType = image.jpeg; path = "defaultAvatar@2x.jpg"; sourceTree = "<group>"; };
		5273AE9A23C1F373004E20F0 /* mine_selected@2x.png */ = {isa = PBXFileReference; lastKnownFileType = image.png; path = "mine_selected@2x.png"; sourceTree = "<group>"; };
		5273AE9B23C1F373004E20F0 /* book@2x.png */ = {isa = PBXFileReference; lastKnownFileType = image.png; path = "book@2x.png"; sourceTree = "<group>"; };
		5273AE9C23C1F373004E20F0 /* student@2x.png */ = {isa = PBXFileReference; lastKnownFileType = image.png; path = "student@2x.png"; sourceTree = "<group>"; };
		5273AE9D23C1F373004E20F0 /* icon_phone@2x.png */ = {isa = PBXFileReference; lastKnownFileType = image.png; path = "icon_phone@2x.png"; sourceTree = "<group>"; };
		5273AE9E23C1F373004E20F0 /* icon_cal@2x.png */ = {isa = PBXFileReference; lastKnownFileType = image.png; path = "icon_cal@2x.png"; sourceTree = "<group>"; };
		5273AE9F23C1F373004E20F0 /* icon_course@2x.png */ = {isa = PBXFileReference; lastKnownFileType = image.png; path = "icon_course@2x.png"; sourceTree = "<group>"; };
		5273AEA023C1F373004E20F0 /* detailBg@2x.png */ = {isa = PBXFileReference; lastKnownFileType = image.png; path = "detailBg@2x.png"; sourceTree = "<group>"; };
		5273AEA123C1F373004E20F0 /* logo@2x.png */ = {isa = PBXFileReference; lastKnownFileType = image.png; path = "logo@2x.png"; sourceTree = "<group>"; };
		5273AEA223C1F373004E20F0 /* mine@2x.png */ = {isa = PBXFileReference; lastKnownFileType = image.png; path = "mine@2x.png"; sourceTree = "<group>"; };
		5273AEA323C1F373004E20F0 /* icon_between@2x.png */ = {isa = PBXFileReference; lastKnownFileType = image.png; path = "icon_between@2x.png"; sourceTree = "<group>"; };
		5273AEA423C1F373004E20F0 /* home_selected@2x.png */ = {isa = PBXFileReference; lastKnownFileType = image.png; path = "home_selected@2x.png"; sourceTree = "<group>"; };
		5273AEA523C1F373004E20F0 /* icon_live@2x.png */ = {isa = PBXFileReference; lastKnownFileType = image.png; path = "icon_live@2x.png"; sourceTree = "<group>"; };
		5273AEA623C1F373004E20F0 /* icon_document@2x.png */ = {isa = PBXFileReference; lastKnownFileType = image.png; path = "icon_document@2x.png"; sourceTree = "<group>"; };
		5273AEA723C1F373004E20F0 /* icon_right_arrow@2x.png */ = {isa = PBXFileReference; lastKnownFileType = image.png; path = "icon_right_arrow@2x.png"; sourceTree = "<group>"; };
		5273AEA823C1F373004E20F0 /* icon_column@2x.png */ = {isa = PBXFileReference; lastKnownFileType = image.png; path = "icon_column@2x.png"; sourceTree = "<group>"; };
		5273AEBC23C1FF52004E20F0 /* MineViewController.swift */ = {isa = PBXFileReference; lastKnownFileType = sourcecode.swift; path = MineViewController.swift; sourceTree = "<group>"; };
		5273AEBE23C1FF71004E20F0 /* HomeViewController.swift */ = {isa = PBXFileReference; lastKnownFileType = sourcecode.swift; path = HomeViewController.swift; sourceTree = "<group>"; };
		613F8C6E18F24980DAFCE084 /* Pods-geektime.debug.xcconfig */ = {isa = PBXFileReference; includeInIndex = 1; lastKnownFileType = text.xcconfig; name = "Pods-geektime.debug.xcconfig"; path = "Target Support Files/Pods-geektime/Pods-geektime.debug.xcconfig"; sourceTree = "<group>"; };
		F7831E6E43A2FB23FB78449F /* Pods-geektime.release.xcconfig */ = {isa = PBXFileReference; includeInIndex = 1; lastKnownFileType = text.xcconfig; name = "Pods-geektime.release.xcconfig"; path = "Target Support Files/Pods-geektime/Pods-geektime.release.xcconfig"; sourceTree = "<group>"; };
/* End PBXFileReference section */

/* Begin PBXFrameworksBuildPhase section */
		043E0A3D23C0EB6F009D9FE6 /* Frameworks */ = {
			isa = PBXFrameworksBuildPhase;
			buildActionMask = 2147483647;
			files = (
				FD64AF639ADFCEED36E109AC /* Pods_geektime.framework in Frameworks */,
			);
			runOnlyForDeploymentPostprocessing = 0;
		};
		043E0A5323C0EB72009D9FE6 /* Frameworks */ = {
			isa = PBXFrameworksBuildPhase;
			buildActionMask = 2147483647;
			files = (
			);
			runOnlyForDeploymentPostprocessing = 0;
		};
		043E0A5E23C0EB72009D9FE6 /* Frameworks */ = {
			isa = PBXFrameworksBuildPhase;
			buildActionMask = 2147483647;
			files = (
			);
			runOnlyForDeploymentPostprocessing = 0;
		};
/* End PBXFrameworksBuildPhase section */

/* Begin PBXGroup section */
		043E0A3723C0EB6F009D9FE6 = {
			isa = PBXGroup;
			children = (
				043E0A4223C0EB6F009D9FE6 /* geektime */,
				043E0A5923C0EB72009D9FE6 /* geektimeTests */,
				043E0A6423C0EB72009D9FE6 /* geektimeUITests */,
				043E0A4123C0EB6F009D9FE6 /* Products */,
				864B5DAD23556C508F639B05 /* Pods */,
				9C0133EC3510980BD47F643E /* Frameworks */,
			);
			sourceTree = "<group>";
		};
		043E0A4123C0EB6F009D9FE6 /* Products */ = {
			isa = PBXGroup;
			children = (
				043E0A4023C0EB6F009D9FE6 /* geektime.app */,
				043E0A5623C0EB72009D9FE6 /* geektimeTests.xctest */,
				043E0A6123C0EB72009D9FE6 /* geektimeUITests.xctest */,
			);
			name = Products;
			sourceTree = "<group>";
		};
		043E0A4223C0EB6F009D9FE6 /* geektime */ = {
			isa = PBXGroup;
			children = (
				5273AE9323C1D8C1004E20F0 /* R.generated.swift */,
				5273AE9523C1F373004E20F0 /* Resouce */,
				043E0A7D23C182A9009D9FE6 /* Extention */,
				043E0A7423C17D7A009D9FE6 /* Model */,
				043E0A4323C0EB6F009D9FE6 /* AppDelegate.swift */,
				043E0A4523C0EB6F009D9FE6 /* SceneDelegate.swift */,
				043E0A4723C0EB6F009D9FE6 /* ContentView.swift */,
				043E0A4923C0EB72009D9FE6 /* Assets.xcassets */,
				043E0A4E23C0EB72009D9FE6 /* LaunchScreen.storyboard */,
				043E0A5123C0EB72009D9FE6 /* Info.plist */,
				043E0A4B23C0EB72009D9FE6 /* Preview Content */,
				043E0A8023C185D6009D9FE6 /* BaseViewController.swift */,
				043E0A8223C18675009D9FE6 /* LoginViewController.swift */,
				5273AEBC23C1FF52004E20F0 /* MineViewController.swift */,
				5273AEBE23C1FF71004E20F0 /* HomeViewController.swift */,
			);
			path = geektime;
			sourceTree = "<group>";
		};
		043E0A4B23C0EB72009D9FE6 /* Preview Content */ = {
			isa = PBXGroup;
			children = (
				043E0A4C23C0EB72009D9FE6 /* Preview Assets.xcassets */,
			);
			path = "Preview Content";
			sourceTree = "<group>";
		};
		043E0A5923C0EB72009D9FE6 /* geektimeTests */ = {
			isa = PBXGroup;
			children = (
				043E0A5A23C0EB72009D9FE6 /* geektimeTests.swift */,
				043E0A5C23C0EB72009D9FE6 /* Info.plist */,
			);
			path = geektimeTests;
			sourceTree = "<group>";
		};
		043E0A6423C0EB72009D9FE6 /* geektimeUITests */ = {
			isa = PBXGroup;
			children = (
				043E0A6523C0EB72009D9FE6 /* geektimeUITests.swift */,
				043E0A6723C0EB72009D9FE6 /* Info.plist */,
			);
			path = geektimeUITests;
			sourceTree = "<group>";
		};
		043E0A7423C17D7A009D9FE6 /* Model */ = {
			isa = PBXGroup;
			children = (
				043E0A7523C17DA2009D9FE6 /* Product.swift */,
				043E0A7923C17F8D009D9FE6 /* FakeData.swift */,
				043E0A7B23C18018009D9FE6 /* Deal.swift */,
			);
			path = Model;
			sourceTree = "<group>";
		};
		043E0A7D23C182A9009D9FE6 /* Extention */ = {
			isa = PBXGroup;
			children = (
				043E0A7E23C182C6009D9FE6 /* UIColorExtention.swift */,
			);
			path = Extention;
			sourceTree = "<group>";
		};
		5273AE9523C1F373004E20F0 /* Resouce */ = {
			isa = PBXGroup;
			children = (
				5273AE9623C1F373004E20F0 /* home@2x.png */,
				5273AE9723C1F373004E20F0 /* icon_pwd@2x.png */,
				5273AE9823C1F373004E20F0 /* icon_life@2x.png */,
				5273AE9923C1F373004E20F0 /* defaultAvatar@2x.jpg */,
				5273AE9A23C1F373004E20F0 /* mine_selected@2x.png */,
				5273AE9B23C1F373004E20F0 /* book@2x.png */,
				5273AE9C23C1F373004E20F0 /* student@2x.png */,
				5273AE9D23C1F373004E20F0 /* icon_phone@2x.png */,
				5273AE9E23C1F373004E20F0 /* icon_cal@2x.png */,
				5273AE9F23C1F373004E20F0 /* icon_course@2x.png */,
				5273AEA023C1F373004E20F0 /* detailBg@2x.png */,
				5273AEA123C1F373004E20F0 /* logo@2x.png */,
				5273AEA223C1F373004E20F0 /* mine@2x.png */,
				5273AEA323C1F373004E20F0 /* icon_between@2x.png */,
				5273AEA423C1F373004E20F0 /* home_selected@2x.png */,
				5273AEA523C1F373004E20F0 /* icon_live@2x.png */,
				5273AEA623C1F373004E20F0 /* icon_document@2x.png */,
				5273AEA723C1F373004E20F0 /* icon_right_arrow@2x.png */,
				5273AEA823C1F373004E20F0 /* icon_column@2x.png */,
			);
			path = Resouce;
			sourceTree = "<group>";
		};
		864B5DAD23556C508F639B05 /* Pods */ = {
			isa = PBXGroup;
			children = (
				613F8C6E18F24980DAFCE084 /* Pods-geektime.debug.xcconfig */,
				F7831E6E43A2FB23FB78449F /* Pods-geektime.release.xcconfig */,
			);
			path = Pods;
			sourceTree = "<group>";
		};
		9C0133EC3510980BD47F643E /* Frameworks */ = {
			isa = PBXGroup;
			children = (
				1CFE840C86B959C05A3A0A62 /* Pods_geektime.framework */,
			);
			name = Frameworks;
			sourceTree = "<group>";
		};
/* End PBXGroup section */

/* Begin PBXNativeTarget section */
		043E0A3F23C0EB6F009D9FE6 /* geektime */ = {
			isa = PBXNativeTarget;
			buildConfigurationList = 043E0A6A23C0EB72009D9FE6 /* Build configuration list for PBXNativeTarget "geektime" */;
			buildPhases = (
				72DA0C61BCE02E79A8677B17 /* [CP] Check Pods Manifest.lock */,
				523396C423C1B95F008A7393 /* ShellScript */,
				043E0A3C23C0EB6F009D9FE6 /* Sources */,
				043E0A3D23C0EB6F009D9FE6 /* Frameworks */,
				043E0A3E23C0EB6F009D9FE6 /* Resources */,
				2AC90305BA69190E6B0C75C4 /* [CP] Embed Pods Frameworks */,
			);
			buildRules = (
			);
			dependencies = (
			);
			name = geektime;
			productName = geektime;
			productReference = 043E0A4023C0EB6F009D9FE6 /* geektime.app */;
			productType = "com.apple.product-type.application";
		};
		043E0A5523C0EB72009D9FE6 /* geektimeTests */ = {
			isa = PBXNativeTarget;
			buildConfigurationList = 043E0A6D23C0EB72009D9FE6 /* Build configuration list for PBXNativeTarget "geektimeTests" */;
			buildPhases = (
				043E0A5223C0EB72009D9FE6 /* Sources */,
				043E0A5323C0EB72009D9FE6 /* Frameworks */,
				043E0A5423C0EB72009D9FE6 /* Resources */,
			);
			buildRules = (
			);
			dependencies = (
				043E0A5823C0EB72009D9FE6 /* PBXTargetDependency */,
			);
			name = geektimeTests;
			productName = geektimeTests;
			productReference = 043E0A5623C0EB72009D9FE6 /* geektimeTests.xctest */;
			productType = "com.apple.product-type.bundle.unit-test";
		};
		043E0A6023C0EB72009D9FE6 /* geektimeUITests */ = {
			isa = PBXNativeTarget;
			buildConfigurationList = 043E0A7023C0EB72009D9FE6 /* Build configuration list for PBXNativeTarget "geektimeUITests" */;
			buildPhases = (
				043E0A5D23C0EB72009D9FE6 /* Sources */,
				043E0A5E23C0EB72009D9FE6 /* Frameworks */,
				043E0A5F23C0EB72009D9FE6 /* Resources */,
			);
			buildRules = (
			);
			dependencies = (
				043E0A6323C0EB72009D9FE6 /* PBXTargetDependency */,
			);
			name = geektimeUITests;
			productName = geektimeUITests;
			productReference = 043E0A6123C0EB72009D9FE6 /* geektimeUITests.xctest */;
			productType = "com.apple.product-type.bundle.ui-testing";
		};
/* End PBXNativeTarget section */

/* Begin PBXProject section */
		043E0A3823C0EB6F009D9FE6 /* Project object */ = {
			isa = PBXProject;
			attributes = {
				LastSwiftUpdateCheck = 1130;
				LastUpgradeCheck = 1130;
				ORGANIZATIONNAME = Mac;
				TargetAttributes = {
					043E0A3F23C0EB6F009D9FE6 = {
						CreatedOnToolsVersion = 11.3;
					};
					043E0A5523C0EB72009D9FE6 = {
						CreatedOnToolsVersion = 11.3;
						TestTargetID = 043E0A3F23C0EB6F009D9FE6;
					};
					043E0A6023C0EB72009D9FE6 = {
						CreatedOnToolsVersion = 11.3;
						TestTargetID = 043E0A3F23C0EB6F009D9FE6;
					};
				};
			};
			buildConfigurationList = 043E0A3B23C0EB6F009D9FE6 /* Build configuration list for PBXProject "geektime" */;
			compatibilityVersion = "Xcode 9.3";
			developmentRegion = en;
			hasScannedForEncodings = 0;
			knownRegions = (
				en,
				Base,
			);
			mainGroup = 043E0A3723C0EB6F009D9FE6;
			productRefGroup = 043E0A4123C0EB6F009D9FE6 /* Products */;
			projectDirPath = "";
			projectRoot = "";
			targets = (
				043E0A3F23C0EB6F009D9FE6 /* geektime */,
				043E0A5523C0EB72009D9FE6 /* geektimeTests */,
				043E0A6023C0EB72009D9FE6 /* geektimeUITests */,
			);
		};
/* End PBXProject section */

/* Begin PBXResourcesBuildPhase section */
		043E0A3E23C0EB6F009D9FE6 /* Resources */ = {
			isa = PBXResourcesBuildPhase;
			buildActionMask = 2147483647;
			files = (
				043E0A5023C0EB72009D9FE6 /* LaunchScreen.storyboard in Resources */,
				5273AEB823C1F373004E20F0 /* icon_live@2x.png in Resources */,
				5273AEB523C1F373004E20F0 /* mine@2x.png in Resources */,
				5273AEBB23C1F373004E20F0 /* icon_column@2x.png in Resources */,
				5273AEAB23C1F373004E20F0 /* icon_life@2x.png in Resources */,
				5273AEAF23C1F373004E20F0 /* student@2x.png in Resources */,
				5273AEB023C1F373004E20F0 /* icon_phone@2x.png in Resources */,
				5273AEAE23C1F373004E20F0 /* book@2x.png in Resources */,
				5273AEAD23C1F373004E20F0 /* mine_selected@2x.png in Resources */,
				5273AEB923C1F373004E20F0 /* icon_document@2x.png in Resources */,
				5273AEA923C1F373004E20F0 /* home@2x.png in Resources */,
				043E0A4D23C0EB72009D9FE6 /* Preview Assets.xcassets in Resources */,
				5273AEB223C1F373004E20F0 /* icon_course@2x.png in Resources */,
				5273AEB723C1F373004E20F0 /* home_selected@2x.png in Resources */,
				5273AEB123C1F373004E20F0 /* icon_cal@2x.png in Resources */,
				5273AEB623C1F373004E20F0 /* icon_between@2x.png in Resources */,
				5273AEBA23C1F373004E20F0 /* icon_right_arrow@2x.png in Resources */,
				5273AEB423C1F373004E20F0 /* logo@2x.png in Resources */,
				5273AEB323C1F373004E20F0 /* detailBg@2x.png in Resources */,
				5273AEAC23C1F373004E20F0 /* defaultAvatar@2x.jpg in Resources */,
				043E0A4A23C0EB72009D9FE6 /* Assets.xcassets in Resources */,
				5273AEAA23C1F373004E20F0 /* icon_pwd@2x.png in Resources */,
			);
			runOnlyForDeploymentPostprocessing = 0;
		};
		043E0A5423C0EB72009D9FE6 /* Resources */ = {
			isa = PBXResourcesBuildPhase;
			buildActionMask = 2147483647;
			files = (
			);
			runOnlyForDeploymentPostprocessing = 0;
		};
		043E0A5F23C0EB72009D9FE6 /* Resources */ = {
			isa = PBXResourcesBuildPhase;
			buildActionMask = 2147483647;
			files = (
			);
			runOnlyForDeploymentPostprocessing = 0;
		};
/* End PBXResourcesBuildPhase section */

/* Begin PBXShellScriptBuildPhase section */
		2AC90305BA69190E6B0C75C4 /* [CP] Embed Pods Frameworks */ = {
			isa = PBXShellScriptBuildPhase;
			buildActionMask = 2147483647;
			files = (
			);
			inputFileListPaths = (
				"${PODS_ROOT}/Target Support Files/Pods-geektime/Pods-geektime-frameworks-${CONFIGURATION}-input-files.xcfilelist",
			);
			name = "[CP] Embed Pods Frameworks";
			outputFileListPaths = (
				"${PODS_ROOT}/Target Support Files/Pods-geektime/Pods-geektime-frameworks-${CONFIGURATION}-output-files.xcfilelist",
			);
			runOnlyForDeploymentPostprocessing = 0;
			shellPath = /bin/sh;
			shellScript = "\"${PODS_ROOT}/Target Support Files/Pods-geektime/Pods-geektime-frameworks.sh\"\n";
			showEnvVarsInLog = 0;
		};
		523396C423C1B95F008A7393 /* ShellScript */ = {
			isa = PBXShellScriptBuildPhase;
			buildActionMask = 2147483647;
			files = (
			);
			inputFileListPaths = (
			);
			inputPaths = (
				"$TEMP_DIR/rswift-lastrun",
			);
			outputFileListPaths = (
			);
			outputPaths = (
				$SRCROOT/geektime/R.generated.swift,
			);
			runOnlyForDeploymentPostprocessing = 0;
			shellPath = /bin/sh;
			shellScript = "\"$PODS_ROOT/R.swift/rswift\" generate \"$SRCROOT/geektime/R.generated.swift\"\n";
		};
		72DA0C61BCE02E79A8677B17 /* [CP] Check Pods Manifest.lock */ = {
			isa = PBXShellScriptBuildPhase;
			buildActionMask = 2147483647;
			files = (
			);
			inputFileListPaths = (
			);
			inputPaths = (
				"${PODS_PODFILE_DIR_PATH}/Podfile.lock",
				"${PODS_ROOT}/Manifest.lock",
			);
			name = "[CP] Check Pods Manifest.lock";
			outputFileListPaths = (
			);
			outputPaths = (
				"$(DERIVED_FILE_DIR)/Pods-geektime-checkManifestLockResult.txt",
			);
			runOnlyForDeploymentPostprocessing = 0;
			shellPath = /bin/sh;
			shellScript = "diff \"${PODS_PODFILE_DIR_PATH}/Podfile.lock\" \"${PODS_ROOT}/Manifest.lock\" > /dev/null\nif [ $? != 0 ] ; then\n    # print error to STDERR\n    echo \"error: The sandbox is not in sync with the Podfile.lock. Run 'pod install' or update your CocoaPods installation.\" >&2\n    exit 1\nfi\n# This output is used by Xcode 'outputs' to avoid re-running this script phase.\necho \"SUCCESS\" > \"${SCRIPT_OUTPUT_FILE_0}\"\n";
			showEnvVarsInLog = 0;
		};
/* End PBXShellScriptBuildPhase section */

/* Begin PBXSourcesBuildPhase section */
		043E0A3C23C0EB6F009D9FE6 /* Sources */ = {
			isa = PBXSourcesBuildPhase;
			buildActionMask = 2147483647;
			files = (
				043E0A8323C18675009D9FE6 /* LoginViewController.swift in Sources */,
				5273AEBD23C1FF52004E20F0 /* MineViewController.swift in Sources */,
				043E0A7A23C17F8D009D9FE6 /* FakeData.swift in Sources */,
				043E0A4423C0EB6F009D9FE6 /* AppDelegate.swift in Sources */,
				043E0A7623C17DA2009D9FE6 /* Product.swift in Sources */,
				043E0A4623C0EB6F009D9FE6 /* SceneDelegate.swift in Sources */,
				043E0A4823C0EB6F009D9FE6 /* ContentView.swift in Sources */,
				043E0A8123C185D6009D9FE6 /* BaseViewController.swift in Sources */,
				5273AE9423C1D8C1004E20F0 /* R.generated.swift in Sources */,
				043E0A7F23C182C6009D9FE6 /* UIColorExtention.swift in Sources */,
				043E0A7C23C18018009D9FE6 /* Deal.swift in Sources */,
				5273AEBF23C1FF71004E20F0 /* HomeViewController.swift in Sources */,
			);
			runOnlyForDeploymentPostprocessing = 0;
		};
		043E0A5223C0EB72009D9FE6 /* Sources */ = {
			isa = PBXSourcesBuildPhase;
			buildActionMask = 2147483647;
			files = (
				043E0A5B23C0EB72009D9FE6 /* geektimeTests.swift in Sources */,
			);
			runOnlyForDeploymentPostprocessing = 0;
		};
		043E0A5D23C0EB72009D9FE6 /* Sources */ = {
			isa = PBXSourcesBuildPhase;
			buildActionMask = 2147483647;
			files = (
				043E0A6623C0EB72009D9FE6 /* geektimeUITests.swift in Sources */,
			);
			runOnlyForDeploymentPostprocessing = 0;
		};
/* End PBXSourcesBuildPhase section */

/* Begin PBXTargetDependency section */
		043E0A5823C0EB72009D9FE6 /* PBXTargetDependency */ = {
			isa = PBXTargetDependency;
			target = 043E0A3F23C0EB6F009D9FE6 /* geektime */;
			targetProxy = 043E0A5723C0EB72009D9FE6 /* PBXContainerItemProxy */;
		};
		043E0A6323C0EB72009D9FE6 /* PBXTargetDependency */ = {
			isa = PBXTargetDependency;
			target = 043E0A3F23C0EB6F009D9FE6 /* geektime */;
			targetProxy = 043E0A6223C0EB72009D9FE6 /* PBXContainerItemProxy */;
		};
/* End PBXTargetDependency section */

/* Begin PBXVariantGroup section */
		043E0A4E23C0EB72009D9FE6 /* LaunchScreen.storyboard */ = {
			isa = PBXVariantGroup;
			children = (
				043E0A4F23C0EB72009D9FE6 /* Base */,
			);
			name = LaunchScreen.storyboard;
			sourceTree = "<group>";
		};
/* End PBXVariantGroup section */

/* Begin XCBuildConfiguration section */
		043E0A6823C0EB72009D9FE6 /* Debug */ = {
			isa = XCBuildConfiguration;
			buildSettings = {
				ALWAYS_SEARCH_USER_PATHS = NO;
				CLANG_ANALYZER_NONNULL = YES;
				CLANG_ANALYZER_NUMBER_OBJECT_CONVERSION = YES_AGGRESSIVE;
				CLANG_CXX_LANGUAGE_STANDARD = "gnu++14";
				CLANG_CXX_LIBRARY = "libc++";
				CLANG_ENABLE_MODULES = YES;
				CLANG_ENABLE_OBJC_ARC = YES;
				CLANG_ENABLE_OBJC_WEAK = YES;
				CLANG_WARN_BLOCK_CAPTURE_AUTORELEASING = YES;
				CLANG_WARN_BOOL_CONVERSION = YES;
				CLANG_WARN_COMMA = YES;
				CLANG_WARN_CONSTANT_CONVERSION = YES;
				CLANG_WARN_DEPRECATED_OBJC_IMPLEMENTATIONS = YES;
				CLANG_WARN_DIRECT_OBJC_ISA_USAGE = YES_ERROR;
				CLANG_WARN_DOCUMENTATION_COMMENTS = YES;
				CLANG_WARN_EMPTY_BODY = YES;
				CLANG_WARN_ENUM_CONVERSION = YES;
				CLANG_WARN_INFINITE_RECURSION = YES;
				CLANG_WARN_INT_CONVERSION = YES;
				CLANG_WARN_NON_LITERAL_NULL_CONVERSION = YES;
				CLANG_WARN_OBJC_IMPLICIT_RETAIN_SELF = YES;
				CLANG_WARN_OBJC_LITERAL_CONVERSION = YES;
				CLANG_WARN_OBJC_ROOT_CLASS = YES_ERROR;
				CLANG_WARN_RANGE_LOOP_ANALYSIS = YES;
				CLANG_WARN_STRICT_PROTOTYPES = YES;
				CLANG_WARN_SUSPICIOUS_MOVE = YES;
				CLANG_WARN_UNGUARDED_AVAILABILITY = YES_AGGRESSIVE;
				CLANG_WARN_UNREACHABLE_CODE = YES;
				CLANG_WARN__DUPLICATE_METHOD_MATCH = YES;
				COPY_PHASE_STRIP = NO;
				DEBUG_INFORMATION_FORMAT = dwarf;
				ENABLE_STRICT_OBJC_MSGSEND = YES;
				ENABLE_TESTABILITY = YES;
				GCC_C_LANGUAGE_STANDARD = gnu11;
				GCC_DYNAMIC_NO_PIC = NO;
				GCC_NO_COMMON_BLOCKS = YES;
				GCC_OPTIMIZATION_LEVEL = 0;
				GCC_PREPROCESSOR_DEFINITIONS = (
					"DEBUG=1",
					"$(inherited)",
				);
				GCC_WARN_64_TO_32_BIT_CONVERSION = YES;
				GCC_WARN_ABOUT_RETURN_TYPE = YES_ERROR;
				GCC_WARN_UNDECLARED_SELECTOR = YES;
				GCC_WARN_UNINITIALIZED_AUTOS = YES_AGGRESSIVE;
				GCC_WARN_UNUSED_FUNCTION = YES;
				GCC_WARN_UNUSED_VARIABLE = YES;
				IPHONEOS_DEPLOYMENT_TARGET = 13.2;
				MTL_ENABLE_DEBUG_INFO = INCLUDE_SOURCE;
				MTL_FAST_MATH = YES;
				ONLY_ACTIVE_ARCH = YES;
				SDKROOT = iphoneos;
				SWIFT_ACTIVE_COMPILATION_CONDITIONS = DEBUG;
				SWIFT_OPTIMIZATION_LEVEL = "-Onone";
			};
			name = Debug;
		};
		043E0A6923C0EB72009D9FE6 /* Release */ = {
			isa = XCBuildConfiguration;
			buildSettings = {
				ALWAYS_SEARCH_USER_PATHS = NO;
				CLANG_ANALYZER_NONNULL = YES;
				CLANG_ANALYZER_NUMBER_OBJECT_CONVERSION = YES_AGGRESSIVE;
				CLANG_CXX_LANGUAGE_STANDARD = "gnu++14";
				CLANG_CXX_LIBRARY = "libc++";
				CLANG_ENABLE_MODULES = YES;
				CLANG_ENABLE_OBJC_ARC = YES;
				CLANG_ENABLE_OBJC_WEAK = YES;
				CLANG_WARN_BLOCK_CAPTURE_AUTORELEASING = YES;
				CLANG_WARN_BOOL_CONVERSION = YES;
				CLANG_WARN_COMMA = YES;
				CLANG_WARN_CONSTANT_CONVERSION = YES;
				CLANG_WARN_DEPRECATED_OBJC_IMPLEMENTATIONS = YES;
				CLANG_WARN_DIRECT_OBJC_ISA_USAGE = YES_ERROR;
				CLANG_WARN_DOCUMENTATION_COMMENTS = YES;
				CLANG_WARN_EMPTY_BODY = YES;
				CLANG_WARN_ENUM_CONVERSION = YES;
				CLANG_WARN_INFINITE_RECURSION = YES;
				CLANG_WARN_INT_CONVERSION = YES;
				CLANG_WARN_NON_LITERAL_NULL_CONVERSION = YES;
				CLANG_WARN_OBJC_IMPLICIT_RETAIN_SELF = YES;
				CLANG_WARN_OBJC_LITERAL_CONVERSION = YES;
				CLANG_WARN_OBJC_ROOT_CLASS = YES_ERROR;
				CLANG_WARN_RANGE_LOOP_ANALYSIS = YES;
				CLANG_WARN_STRICT_PROTOTYPES = YES;
				CLANG_WARN_SUSPICIOUS_MOVE = YES;
				CLANG_WARN_UNGUARDED_AVAILABILITY = YES_AGGRESSIVE;
				CLANG_WARN_UNREACHABLE_CODE = YES;
				CLANG_WARN__DUPLICATE_METHOD_MATCH = YES;
				COPY_PHASE_STRIP = NO;
				DEBUG_INFORMATION_FORMAT = "dwarf-with-dsym";
				ENABLE_NS_ASSERTIONS = NO;
				ENABLE_STRICT_OBJC_MSGSEND = YES;
				GCC_C_LANGUAGE_STANDARD = gnu11;
				GCC_NO_COMMON_BLOCKS = YES;
				GCC_WARN_64_TO_32_BIT_CONVERSION = YES;
				GCC_WARN_ABOUT_RETURN_TYPE = YES_ERROR;
				GCC_WARN_UNDECLARED_SELECTOR = YES;
				GCC_WARN_UNINITIALIZED_AUTOS = YES_AGGRESSIVE;
				GCC_WARN_UNUSED_FUNCTION = YES;
				GCC_WARN_UNUSED_VARIABLE = YES;
				IPHONEOS_DEPLOYMENT_TARGET = 13.2;
				MTL_ENABLE_DEBUG_INFO = NO;
				MTL_FAST_MATH = YES;
				SDKROOT = iphoneos;
				SWIFT_COMPILATION_MODE = wholemodule;
				SWIFT_OPTIMIZATION_LEVEL = "-O";
				VALIDATE_PRODUCT = YES;
			};
			name = Release;
		};
		043E0A6B23C0EB72009D9FE6 /* Debug */ = {
			isa = XCBuildConfiguration;
			baseConfigurationReference = 613F8C6E18F24980DAFCE084 /* Pods-geektime.debug.xcconfig */;
			buildSettings = {
				ASSETCATALOG_COMPILER_APPICON_NAME = AppIcon;
				CODE_SIGN_STYLE = Automatic;
				DEVELOPMENT_ASSET_PATHS = "\"geektime/Preview Content\"";
				DEVELOPMENT_TEAM = 3YKDEG28F9;
				ENABLE_PREVIEWS = YES;
				INFOPLIST_FILE = geektime/Info.plist;
				IPHONEOS_DEPLOYMENT_TARGET = 13.0;
				LD_RUNPATH_SEARCH_PATHS = (
					"$(inherited)",
					"@executable_path/Frameworks",
				);
				PRODUCT_BUNDLE_IDENTIFIER = com.stonesun.geektime;
				PRODUCT_NAME = "$(TARGET_NAME)";
				SWIFT_VERSION = 5.0;
				TARGETED_DEVICE_FAMILY = "1,2";
			};
			name = Debug;
		};
		043E0A6C23C0EB72009D9FE6 /* Release */ = {
			isa = XCBuildConfiguration;
			baseConfigurationReference = F7831E6E43A2FB23FB78449F /* Pods-geektime.release.xcconfig */;
			buildSettings = {
				ASSETCATALOG_COMPILER_APPICON_NAME = AppIcon;
				CODE_SIGN_STYLE = Automatic;
				DEVELOPMENT_ASSET_PATHS = "\"geektime/Preview Content\"";
				DEVELOPMENT_TEAM = 3YKDEG28F9;
				ENABLE_PREVIEWS = YES;
				INFOPLIST_FILE = geektime/Info.plist;
				IPHONEOS_DEPLOYMENT_TARGET = 13.0;
				LD_RUNPATH_SEARCH_PATHS = (
					"$(inherited)",
					"@executable_path/Frameworks",
				);
				PRODUCT_BUNDLE_IDENTIFIER = com.stonesun.geektime;
				PRODUCT_NAME = "$(TARGET_NAME)";
				SWIFT_VERSION = 5.0;
				TARGETED_DEVICE_FAMILY = "1,2";
			};
			name = Release;
		};
		043E0A6E23C0EB72009D9FE6 /* Debug */ = {
			isa = XCBuildConfiguration;
			buildSettings = {
				ALWAYS_EMBED_SWIFT_STANDARD_LIBRARIES = YES;
				BUNDLE_LOADER = "$(TEST_HOST)";
				CODE_SIGN_STYLE = Automatic;
				DEVELOPMENT_TEAM = 3YKDEG28F9;
				INFOPLIST_FILE = geektimeTests/Info.plist;
				IPHONEOS_DEPLOYMENT_TARGET = 13.2;
				LD_RUNPATH_SEARCH_PATHS = (
					"$(inherited)",
					"@executable_path/Frameworks",
					"@loader_path/Frameworks",
				);
				PRODUCT_BUNDLE_IDENTIFIER = com.stonesun.geektimeTests;
				PRODUCT_NAME = "$(TARGET_NAME)";
				SWIFT_VERSION = 5.0;
				TARGETED_DEVICE_FAMILY = "1,2";
				TEST_HOST = "$(BUILT_PRODUCTS_DIR)/geektime.app/geektime";
			};
			name = Debug;
		};
		043E0A6F23C0EB72009D9FE6 /* Release */ = {
			isa = XCBuildConfiguration;
			buildSettings = {
				ALWAYS_EMBED_SWIFT_STANDARD_LIBRARIES = YES;
				BUNDLE_LOADER = "$(TEST_HOST)";
				CODE_SIGN_STYLE = Automatic;
				DEVELOPMENT_TEAM = 3YKDEG28F9;
				INFOPLIST_FILE = geektimeTests/Info.plist;
				IPHONEOS_DEPLOYMENT_TARGET = 13.2;
				LD_RUNPATH_SEARCH_PATHS = (
					"$(inherited)",
					"@executable_path/Frameworks",
					"@loader_path/Frameworks",
				);
				PRODUCT_BUNDLE_IDENTIFIER = com.stonesun.geektimeTests;
				PRODUCT_NAME = "$(TARGET_NAME)";
				SWIFT_VERSION = 5.0;
				TARGETED_DEVICE_FAMILY = "1,2";
				TEST_HOST = "$(BUILT_PRODUCTS_DIR)/geektime.app/geektime";
			};
			name = Release;
		};
		043E0A7123C0EB72009D9FE6 /* Debug */ = {
			isa = XCBuildConfiguration;
			buildSettings = {
				ALWAYS_EMBED_SWIFT_STANDARD_LIBRARIES = YES;
				CODE_SIGN_STYLE = Automatic;
				DEVELOPMENT_TEAM = 3YKDEG28F9;
				INFOPLIST_FILE = geektimeUITests/Info.plist;
				LD_RUNPATH_SEARCH_PATHS = (
					"$(inherited)",
					"@executable_path/Frameworks",
					"@loader_path/Frameworks",
				);
				PRODUCT_BUNDLE_IDENTIFIER = com.stonesun.geektimeUITests;
				PRODUCT_NAME = "$(TARGET_NAME)";
				SWIFT_VERSION = 5.0;
				TARGETED_DEVICE_FAMILY = "1,2";
				TEST_TARGET_NAME = geektime;
			};
			name = Debug;
		};
		043E0A7223C0EB72009D9FE6 /* Release */ = {
			isa = XCBuildConfiguration;
			buildSettings = {
				ALWAYS_EMBED_SWIFT_STANDARD_LIBRARIES = YES;
				CODE_SIGN_STYLE = Automatic;
				DEVELOPMENT_TEAM = 3YKDEG28F9;
				INFOPLIST_FILE = geektimeUITests/Info.plist;
				LD_RUNPATH_SEARCH_PATHS = (
					"$(inherited)",
					"@executable_path/Frameworks",
					"@loader_path/Frameworks",
				);
				PRODUCT_BUNDLE_IDENTIFIER = com.stonesun.geektimeUITests;
				PRODUCT_NAME = "$(TARGET_NAME)";
				SWIFT_VERSION = 5.0;
				TARGETED_DEVICE_FAMILY = "1,2";
				TEST_TARGET_NAME = geektime;
			};
			name = Release;
		};
/* End XCBuildConfiguration section */

/* Begin XCConfigurationList section */
		043E0A3B23C0EB6F009D9FE6 /* Build configuration list for PBXProject "geektime" */ = {
			isa = XCConfigurationList;
			buildConfigurations = (
				043E0A6823C0EB72009D9FE6 /* Debug */,
				043E0A6923C0EB72009D9FE6 /* Release */,
			);
			defaultConfigurationIsVisible = 0;
			defaultConfigurationName = Release;
		};
		043E0A6A23C0EB72009D9FE6 /* Build configuration list for PBXNativeTarget "geektime" */ = {
			isa = XCConfigurationList;
			buildConfigurations = (
				043E0A6B23C0EB72009D9FE6 /* Debug */,
				043E0A6C23C0EB72009D9FE6 /* Release */,
			);
			defaultConfigurationIsVisible = 0;
			defaultConfigurationName = Release;
		};
		043E0A6D23C0EB72009D9FE6 /* Build configuration list for PBXNativeTarget "geektimeTests" */ = {
			isa = XCConfigurationList;
			buildConfigurations = (
				043E0A6E23C0EB72009D9FE6 /* Debug */,
				043E0A6F23C0EB72009D9FE6 /* Release */,
			);
			defaultConfigurationIsVisible = 0;
			defaultConfigurationName = Release;
		};
		043E0A7023C0EB72009D9FE6 /* Build configuration list for PBXNativeTarget "geektimeUITests" */ = {
			isa = XCConfigurationList;
			buildConfigurations = (
				043E0A7123C0EB72009D9FE6 /* Debug */,
				043E0A7223C0EB72009D9FE6 /* Release */,
			);
			defaultConfigurationIsVisible = 0;
			defaultConfigurationName = Release;
		};
/* End XCConfigurationList section */
	};
	rootObject = 043E0A3823C0EB6F009D9FE6 /* Project object */;
}
